
Microsoft Visual Studio Solution File, Format Version 11.00
# Visual Studio 2010
Project("{FAE04EC0-301F-11D3-BF4B-00C04F79EFBC}") = "Google.Play.Review", "Google.Play.Review.csproj", "{c25ec08f-f099-696a-950a-ccc78540ee56}"
EndProject
Project("{FAE04EC0-301F-11D3-BF4B-00C04F79EFBC}") = "Google.Play.AssetDelivery", "Google.Play.AssetDelivery.csproj", "{1716d155-2101-2f71-19ba-f89ddd6e29b2}"
EndProject
Project("{FAE04EC0-301F-11D3-BF4B-00C04F79EFBC}") = "StompyRobot.SRF", "StompyRobot.SRF.csproj", "{3ee0b7fe-a36e-8ce6-fb96-5afc3328f266}"
EndProject
Project("{FAE04EC0-301F-11D3-BF4B-00C04F79EFBC}") = "Assembly-CSharp", "Assembly-CSharp.csproj", "{bdca611d-c259-77a7-daaa-93ec08f98b69}"
EndProject
Project("{FAE04EC0-301F-11D3-BF4B-00C04F79EFBC}") = "StompyRobot.SRDebugger", "StompyRobot.SRDebugger.csproj", "{e3d0dd16-45c2-5183-c87b-3b1467dd771c}"
EndProject
Project("{FAE04EC0-301F-11D3-BF4B-00C04F79EFBC}") = "Khepri.AssetDelivery", "Khepri.AssetDelivery.csproj", "{dbbe6a30-2983-cebb-92fa-1de3ae967973}"
EndProject
Project("{FAE04EC0-301F-11D3-BF4B-00C04F79EFBC}") = "Google.Play.Core", "Google.Play.Core.csproj", "{22236a68-f153-74a7-7775-49ebfc58dda7}"
EndProject
Project("{FAE04EC0-301F-11D3-BF4B-00C04F79EFBC}") = "Google.Play.Common", "Google.Play.Common.csproj", "{d3be6049-e5a7-4431-22d2-5156f9f66506}"
EndProject
Project("{FAE04EC0-301F-11D3-BF4B-00C04F79EFBC}") = "Google.Play.AppUpdate", "Google.Play.AppUpdate.csproj", "{3a7cc2dc-633c-9966-7966-09842b59431d}"
EndProject
Project("{FAE04EC0-301F-11D3-BF4B-00C04F79EFBC}") = "Google.Play.Instant", "Google.Play.Instant.csproj", "{7d2c0fb5-bab5-bb55-a039-9d597224a552}"
EndProject
Project("{FAE04EC0-301F-11D3-BF4B-00C04F79EFBC}") = "Google.Android.AppBundle.Editor", "Google.Android.AppBundle.Editor.csproj", "{c70e7822-d364-425b-6934-7636a98e7505}"
EndProject
Project("{FAE04EC0-301F-11D3-BF4B-00C04F79EFBC}") = "Google.Play.Instant.Editor", "Google.Play.Instant.Editor.csproj", "{0b25e0bc-e6ec-a89b-7acf-11a457cfb487}"
EndProject
Project("{FAE04EC0-301F-11D3-BF4B-00C04F79EFBC}") = "StompyRobot.SRF.Editor", "StompyRobot.SRF.Editor.csproj", "{8e3dca7b-ce77-70bb-8426-df714b99ce33}"
EndProject
Project("{FAE04EC0-301F-11D3-BF4B-00C04F79EFBC}") = "StompyRobot.SRDebugger.Editor", "StompyRobot.SRDebugger.Editor.csproj", "{6ece8420-2a42-2da1-0e74-068ee808a613}"
EndProject
Project("{FAE04EC0-301F-11D3-BF4B-00C04F79EFBC}") = "Assembly-CSharp-Editor", "Assembly-CSharp-Editor.csproj", "{e813bfa3-e6c5-176c-6b3f-4ba98f77a626}"
EndProject
Project("{FAE04EC0-301F-11D3-BF4B-00C04F79EFBC}") = "Google.Play.Billing.Editor", "Google.Play.Billing.Editor.csproj", "{4afa3377-857b-4543-74a4-1b6146b3277a}"
EndProject
Project("{FAE04EC0-301F-11D3-BF4B-00C04F79EFBC}") = "Khepri.AssetDelivery.Editor", "Khepri.AssetDelivery.Editor.csproj", "{1c7d768d-2676-5286-136d-9c144ca2be66}"
EndProject
Global
	GlobalSection(SolutionConfigurationPlatforms) = preSolution
		Debug|Any CPU = Debug|Any CPU
	EndGlobalSection
	GlobalSection(ProjectConfigurationPlatforms) = postSolution
		{c25ec08f-f099-696a-950a-ccc78540ee56}.Debug|Any CPU.ActiveCfg = Debug|Any CPU
		{c25ec08f-f099-696a-950a-ccc78540ee56}.Debug|Any CPU.Build.0 = Debug|Any CPU
		{1716d155-2101-2f71-19ba-f89ddd6e29b2}.Debug|Any CPU.ActiveCfg = Debug|Any CPU
		{1716d155-2101-2f71-19ba-f89ddd6e29b2}.Debug|Any CPU.Build.0 = Debug|Any CPU
		{3ee0b7fe-a36e-8ce6-fb96-5afc3328f266}.Debug|Any CPU.ActiveCfg = Debug|Any CPU
		{3ee0b7fe-a36e-8ce6-fb96-5afc3328f266}.Debug|Any CPU.Build.0 = Debug|Any CPU
		{bdca611d-c259-77a7-daaa-93ec08f98b69}.Debug|Any CPU.ActiveCfg = Debug|Any CPU
		{bdca611d-c259-77a7-daaa-93ec08f98b69}.Debug|Any CPU.Build.0 = Debug|Any CPU
		{e3d0dd16-45c2-5183-c87b-3b1467dd771c}.Debug|Any CPU.ActiveCfg = Debug|Any CPU
		{e3d0dd16-45c2-5183-c87b-3b1467dd771c}.Debug|Any CPU.Build.0 = Debug|Any CPU
		{dbbe6a30-2983-cebb-92fa-1de3ae967973}.Debug|Any CPU.ActiveCfg = Debug|Any CPU
		{dbbe6a30-2983-cebb-92fa-1de3ae967973}.Debug|Any CPU.Build.0 = Debug|Any CPU
		{22236a68-f153-74a7-7775-49ebfc58dda7}.Debug|Any CPU.ActiveCfg = Debug|Any CPU
		{22236a68-f153-74a7-7775-49ebfc58dda7}.Debug|Any CPU.Build.0 = Debug|Any CPU
		{d3be6049-e5a7-4431-22d2-5156f9f66506}.Debug|Any CPU.ActiveCfg = Debug|Any CPU
		{d3be6049-e5a7-4431-22d2-5156f9f66506}.Debug|Any CPU.Build.0 = Debug|Any CPU
		{3a7cc2dc-633c-9966-7966-09842b59431d}.Debug|Any CPU.ActiveCfg = Debug|Any CPU
		{3a7cc2dc-633c-9966-7966-09842b59431d}.Debug|Any CPU.Build.0 = Debug|Any CPU
		{7d2c0fb5-bab5-bb55-a039-9d597224a552}.Debug|Any CPU.ActiveCfg = Debug|Any CPU
		{7d2c0fb5-bab5-bb55-a039-9d597224a552}.Debug|Any CPU.Build.0 = Debug|Any CPU
		{c70e7822-d364-425b-6934-7636a98e7505}.Debug|Any CPU.ActiveCfg = Debug|Any CPU
		{c70e7822-d364-425b-6934-7636a98e7505}.Debug|Any CPU.Build.0 = Debug|Any CPU
		{0b25e0bc-e6ec-a89b-7acf-11a457cfb487}.Debug|Any CPU.ActiveCfg = Debug|Any CPU
		{0b25e0bc-e6ec-a89b-7acf-11a457cfb487}.Debug|Any CPU.Build.0 = Debug|Any CPU
		{8e3dca7b-ce77-70bb-8426-df714b99ce33}.Debug|Any CPU.ActiveCfg = Debug|Any CPU
		{8e3dca7b-ce77-70bb-8426-df714b99ce33}.Debug|Any CPU.Build.0 = Debug|Any CPU
		{6ece8420-2a42-2da1-0e74-068ee808a613}.Debug|Any CPU.ActiveCfg = Debug|Any CPU
		{6ece8420-2a42-2da1-0e74-068ee808a613}.Debug|Any CPU.Build.0 = Debug|Any CPU
		{e813bfa3-e6c5-176c-6b3f-4ba98f77a626}.Debug|Any CPU.ActiveCfg = Debug|Any CPU
		{e813bfa3-e6c5-176c-6b3f-4ba98f77a626}.Debug|Any CPU.Build.0 = Debug|Any CPU
		{4afa3377-857b-4543-74a4-1b6146b3277a}.Debug|Any CPU.ActiveCfg = Debug|Any CPU
		{4afa3377-857b-4543-74a4-1b6146b3277a}.Debug|Any CPU.Build.0 = Debug|Any CPU
		{1c7d768d-2676-5286-136d-9c144ca2be66}.Debug|Any CPU.ActiveCfg = Debug|Any CPU
		{1c7d768d-2676-5286-136d-9c144ca2be66}.Debug|Any CPU.Build.0 = Debug|Any CPU
	EndGlobalSection
	GlobalSection(SolutionProperties) = preSolution
		HideSolutionNode = FALSE
	EndGlobalSection
EndGlobal
